dependencies:
  acorn: registry.npmjs.org/acorn/8.2.4
  ast-types: registry.npmjs.org/ast-types/0.14.2
  astring: registry.npmjs.org/astring/1.7.4
  benchmark: registry.npmjs.org/benchmark/2.1.4
  escodegen: registry.npmjs.org/escodegen/2.0.0
  isolated-vm: registry.npmjs.org/isolated-vm/4.2.0
  require-from-string: registry.npmjs.org/require-from-string/2.0.2
  vm2: registry.npmjs.org/vm2/3.9.3
lockfileVersion: 5.1
packages:
  registry.npmjs.org/acorn/8.2.4:
    dev: false
    engines:
      node: '>=0.4.0'
    hasBin: true
    name: acorn
    resolution:
      integrity: sha512-Ibt84YwBDDA890eDiDCEqcbwvHlBvzzDkU2cGBBDDI1QWT12jTiXIOn2CIw5KK4i6N5Z2HUxwYjzriDyqaqqZg==
      registry: 'https://registry.npmjs.com/'
      tarball: 'https://registry.npmjs.org/acorn/-/acorn-8.2.4.tgz'
    version: 8.2.4
  registry.npmjs.org/ast-types/0.14.2:
    dependencies:
      tslib: registry.npmjs.org/tslib/2.2.0
    dev: false
    engines:
      node: '>=4'
    name: ast-types
    resolution:
      integrity: sha512-O0yuUDnZeQDL+ncNGlJ78BiO4jnYI3bvMsD5prT0/nsgijG/LpNBIr63gTjVTNsiGkgQhiyCShTgxt8oXOrklA==
      registry: 'https://registry.npmjs.com/'
      tarball: 'https://registry.npmjs.org/ast-types/-/ast-types-0.14.2.tgz'
    version: 0.14.2
  registry.npmjs.org/astring/1.7.4:
    dev: false
    hasBin: true
    name: astring
    resolution:
      integrity: sha512-WiVqDJV0AayUUH65FfUrbnBO4KD10854cyU49lK30+2n/lEkJDRqBKj/2fYGhZSD3uIt1H1VfW/pQtO07kR2Xg==
      registry: 'https://registry.npmjs.com/'
      tarball: 'https://registry.npmjs.org/astring/-/astring-1.7.4.tgz'
    version: 1.7.4
  registry.npmjs.org/benchmark/2.1.4:
    dependencies:
      lodash: registry.npmjs.org/lodash/4.17.21
      platform: registry.npmjs.org/platform/1.3.6
    dev: false
    name: benchmark
    resolution:
      integrity: sha1-CfPeMckWQl1JjMLuVloOvzwqVik=
      registry: 'https://registry.npmjs.com/'
      tarball: 'https://registry.npmjs.org/benchmark/-/benchmark-2.1.4.tgz'
    version: 2.1.4
  registry.npmjs.org/deep-is/0.1.3:
    dev: false
    name: deep-is
    resolution:
      integrity: sha1-s2nW+128E+7PUk+RsHD+7cNXzzQ=
      registry: 'https://registry.npmjs.com/'
      tarball: 'https://registry.npmjs.org/deep-is/-/deep-is-0.1.3.tgz'
    version: 0.1.3
  registry.npmjs.org/escodegen/2.0.0:
    dependencies:
      esprima: registry.npmjs.org/esprima/4.0.1
      estraverse: registry.npmjs.org/estraverse/5.2.0
      esutils: registry.npmjs.org/esutils/2.0.3
      optionator: registry.npmjs.org/optionator/0.8.3
    dev: false
    engines:
      node: '>=6.0'
    hasBin: true
    name: escodegen
    optionalDependencies:
      source-map: registry.npmjs.org/source-map/0.6.1
    resolution:
      integrity: sha512-mmHKys/C8BFUGI+MAWNcSYoORYLMdPzjrknd2Vc+bUsjN5bXcr8EhrNB+UTqfL1y3I9c4fw2ihgtMPQLBRiQxw==
      registry: 'https://registry.npmjs.com/'
      tarball: 'https://registry.npmjs.org/escodegen/-/escodegen-2.0.0.tgz'
    version: 2.0.0
  registry.npmjs.org/esprima/4.0.1:
    dev: false
    engines:
      node: '>=4'
    hasBin: true
    name: esprima
    resolution:
      integrity: sha512-eGuFFw7Upda+g4p+QHvnW0RyTX/SVeJBDM/gCtMARO0cLuT2HcEKnTPvhjV6aGeqrCB/sbNop0Kszm0jsaWU4A==
      registry: 'https://registry.npmjs.com/'
      tarball: 'https://registry.npmjs.org/esprima/-/esprima-4.0.1.tgz'
    version: 4.0.1
  registry.npmjs.org/estraverse/5.2.0:
    dev: false
    engines:
      node: '>=4.0'
    name: estraverse
    resolution:
      integrity: sha512-BxbNGGNm0RyRYvUdHpIwv9IWzeM9XClbOxwoATuFdOE7ZE6wHL+HQ5T8hoPM+zHvmKzzsEqhgy0GrQ5X13afiQ==
      registry: 'https://registry.npmjs.com/'
      tarball: 'https://registry.npmjs.org/estraverse/-/estraverse-5.2.0.tgz'
    version: 5.2.0
  registry.npmjs.org/esutils/2.0.3:
    dev: false
    engines:
      node: '>=0.10.0'
    name: esutils
    resolution:
      integrity: sha512-kVscqXk4OCp68SZ0dkgEKVi6/8ij300KBWTJq32P/dYeWTSwK41WyTxalN1eRmA5Z9UU/LX9D7FWSmV9SAYx6g==
      registry: 'https://registry.npmjs.com/'
      tarball: 'https://registry.npmjs.org/esutils/-/esutils-2.0.3.tgz'
    version: 2.0.3
  registry.npmjs.org/fast-levenshtein/2.0.6:
    dev: false
    name: fast-levenshtein
    resolution:
      integrity: sha1-PYpcZog6FqMMqGQ+hR8Zuqd5eRc=
      registry: 'https://registry.npmjs.com/'
      tarball: 'https://registry.npmjs.org/fast-levenshtein/-/fast-levenshtein-2.0.6.tgz'
    version: 2.0.6
  registry.npmjs.org/isolated-vm/4.2.0:
    dev: false
    engines:
      node: '>=10.4.0'
    name: isolated-vm
    requiresBuild: true
    resolution:
      integrity: sha512-X/96Lg9AnkD68MX3jDDlQdvHu01wUgKfYiw4ZjGUKz28rXSvSQ1PuH/xp/jXmZAk8cXSIKKWRlyur+XslVI8Xg==
      registry: 'https://registry.npmjs.com/'
      tarball: 'https://registry.npmjs.org/isolated-vm/-/isolated-vm-4.2.0.tgz'
    version: 4.2.0
  registry.npmjs.org/levn/0.3.0:
    dependencies:
      prelude-ls: registry.npmjs.org/prelude-ls/1.1.2
      type-check: registry.npmjs.org/type-check/0.3.2
    dev: false
    engines:
      node: '>= 0.8.0'
    name: levn
    resolution:
      integrity: sha1-OwmSTt+fCDwEkP3UwLxEIeBHZO4=
      registry: 'https://registry.npmjs.com/'
      tarball: 'https://registry.npmjs.org/levn/-/levn-0.3.0.tgz'
    version: 0.3.0
  registry.npmjs.org/lodash/4.17.21:
    dev: false
    name: lodash
    resolution:
      integrity: sha512-v2kDEe57lecTulaDIuNTPy3Ry4gLGJ6Z1O3vE1krgXZNrsQ+LFTGHVxVjcXPs17LhbZVGedAJv8XZ1tvj5FvSg==
      registry: 'https://registry.npmjs.com/'
      tarball: 'https://registry.npmjs.org/lodash/-/lodash-4.17.21.tgz'
    version: 4.17.21
  registry.npmjs.org/optionator/0.8.3:
    dependencies:
      deep-is: registry.npmjs.org/deep-is/0.1.3
      fast-levenshtein: registry.npmjs.org/fast-levenshtein/2.0.6
      levn: registry.npmjs.org/levn/0.3.0
      prelude-ls: registry.npmjs.org/prelude-ls/1.1.2
      type-check: registry.npmjs.org/type-check/0.3.2
      word-wrap: registry.npmjs.org/word-wrap/1.2.3
    dev: false
    engines:
      node: '>= 0.8.0'
    name: optionator
    resolution:
      integrity: sha512-+IW9pACdk3XWmmTXG8m3upGUJst5XRGzxMRjXzAuJ1XnIFNvfhjjIuYkDvysnPQ7qzqVzLt78BCruntqRhWQbA==
      registry: 'https://registry.npmjs.com/'
      tarball: 'https://registry.npmjs.org/optionator/-/optionator-0.8.3.tgz'
    version: 0.8.3
  registry.npmjs.org/platform/1.3.6:
    dev: false
    name: platform
    resolution:
      integrity: sha512-fnWVljUchTro6RiCFvCXBbNhJc2NijN7oIQxbwsyL0buWJPG85v81ehlHI9fXrJsMNgTofEoWIQeClKpgxFLrg==
      registry: 'https://registry.npmjs.com/'
      tarball: 'https://registry.npmjs.org/platform/-/platform-1.3.6.tgz'
    version: 1.3.6
  registry.npmjs.org/prelude-ls/1.1.2:
    dev: false
    engines:
      node: '>= 0.8.0'
    name: prelude-ls
    resolution:
      integrity: sha1-IZMqVJ9eUv/ZqCf1cOBL5iqX2lQ=
      registry: 'https://registry.npmjs.com/'
      tarball: 'https://registry.npmjs.org/prelude-ls/-/prelude-ls-1.1.2.tgz'
    version: 1.1.2
  registry.npmjs.org/require-from-string/2.0.2:
    dev: false
    engines:
      node: '>=0.10.0'
    name: require-from-string
    resolution:
      integrity: sha512-Xf0nWe6RseziFMu+Ap9biiUbmplq6S9/p+7w7YXP/JBHhrUDDUhwa+vANyubuqfZWTveU//DYVGsDG7RKL/vEw==
      registry: 'https://registry.npmjs.com/'
      tarball: 'https://registry.npmjs.org/require-from-string/-/require-from-string-2.0.2.tgz'
    version: 2.0.2
  registry.npmjs.org/source-map/0.6.1:
    dev: false
    engines:
      node: '>=0.10.0'
    name: source-map
    optional: true
    resolution:
      integrity: sha512-UjgapumWlbMhkBgzT7Ykc5YXUT46F0iKu8SGXq0bcwP5dz/h0Plj6enJqjz1Zbq2l5WaqYnrVbwWOWMyF3F47g==
      registry: 'https://registry.npmjs.com/'
      tarball: 'https://registry.npmjs.org/source-map/-/source-map-0.6.1.tgz'
    version: 0.6.1
  registry.npmjs.org/tslib/2.2.0:
    dev: false
    name: tslib
    resolution:
      integrity: sha512-gS9GVHRU+RGn5KQM2rllAlR3dU6m7AcpJKdtH8gFvQiC4Otgk98XnmMU+nZenHt/+VhnBPWwgrJsyrdcw6i23w==
      registry: 'https://registry.npmjs.com/'
      tarball: 'https://registry.npmjs.org/tslib/-/tslib-2.2.0.tgz'
    version: 2.2.0
  registry.npmjs.org/type-check/0.3.2:
    dependencies:
      prelude-ls: registry.npmjs.org/prelude-ls/1.1.2
    dev: false
    engines:
      node: '>= 0.8.0'
    name: type-check
    resolution:
      integrity: sha1-WITKtRLPHTVeP7eE8wgEsrUg23I=
      registry: 'https://registry.npmjs.com/'
      tarball: 'https://registry.npmjs.org/type-check/-/type-check-0.3.2.tgz'
    version: 0.3.2
  registry.npmjs.org/vm2/3.9.3:
    dev: false
    engines:
      node: '>=6.0'
    hasBin: true
    name: vm2
    resolution:
      integrity: sha512-smLS+18RjXYMl9joyJxMNI9l4w7biW8ilSDaVRvFBDwOH8P0BK1ognFQTpg0wyQ6wIKLTblHJvROW692L/E53Q==
      registry: 'https://registry.npmjs.com/'
      tarball: 'https://registry.npmjs.org/vm2/-/vm2-3.9.3.tgz'
    version: 3.9.3
  registry.npmjs.org/word-wrap/1.2.3:
    dev: false
    engines:
      node: '>=0.10.0'
    name: word-wrap
    resolution:
      integrity: sha512-Hz/mrNwitNRh/HUAtM/VT/5VH+ygD6DV7mYKZAtHOrbs8U7lvPS6xf7EJKMF0uW1KJCl0H701g3ZGus+muE5vQ==
      registry: 'https://registry.npmjs.com/'
      tarball: 'https://registry.npmjs.org/word-wrap/-/word-wrap-1.2.3.tgz'
    version: 1.2.3
specifiers:
  acorn: 8.2.4
  ast-types: 0.14.2
  astring: 1.7.4
  benchmark: 2.1.4
  escodegen: 2.0.0
  isolated-vm: 4.2.0
  require-from-string: 2.0.2
  vm2: 3.9.3
